
Microsoft Visual Studio Solution File, Format Version 12.00
# Visual Studio Version 16
VisualStudioVersion = 16.0.30002.166
MinimumVisualStudioVersion = 10.0.40219.1
Project("{9A19103F-16F7-4668-BE54-9A1E7A4F7556}") = "DAL", "DAL\DAL.csproj", "{CBA47B94-E5A0-4FD7-84A0-23BBA034404D}"
EndProject
Project("{9A19103F-16F7-4668-BE54-9A1E7A4F7556}") = "Logic", "Logic\Logic.csproj", "{B9B55996-2D69-463E-A37B-D83A47F2ABA0}"
EndProject
Project("{FAE04EC0-301F-11D3-BF4B-00C04F79EFBC}") = "Web", "Web\Web.csproj", "{D3BA31B1-CBC7-4295-BFD6-C8834F114875}"
EndProject
Global
	GlobalSection(SolutionConfigurationPlatforms) = preSolution
		Debug|Any CPU = Debug|Any CPU
		Release|Any CPU = Release|Any CPU
	EndGlobalSection
	GlobalSection(ProjectConfigurationPlatforms) = postSolution
		{CBA47B94-E5A0-4FD7-84A0-23BBA034404D}.Debug|Any CPU.ActiveCfg = Debug|Any CPU
		{CBA47B94-E5A0-4FD7-84A0-23BBA034404D}.Debug|Any CPU.Build.0 = Debug|Any CPU
		{CBA47B94-E5A0-4FD7-84A0-23BBA034404D}.Release|Any CPU.ActiveCfg = Release|Any CPU
		{CBA47B94-E5A0-4FD7-84A0-23BBA034404D}.Release|Any CPU.Build.0 = Release|Any CPU
		{B9B55996-2D69-463E-A37B-D83A47F2ABA0}.Debug|Any CPU.ActiveCfg = Debug|Any CPU
		{B9B55996-2D69-463E-A37B-D83A47F2ABA0}.Debug|Any CPU.Build.0 = Debug|Any CPU
		{B9B55996-2D69-463E-A37B-D83A47F2ABA0}.Release|Any CPU.ActiveCfg = Release|Any CPU
		{B9B55996-2D69-463E-A37B-D83A47F2ABA0}.Release|Any CPU.Build.0 = Release|Any CPU
		{D3BA31B1-CBC7-4295-BFD6-C8834F114875}.Debug|Any CPU.ActiveCfg = Debug|Any CPU
		{D3BA31B1-CBC7-4295-BFD6-C8834F114875}.Debug|Any CPU.Build.0 = Debug|Any CPU
		{D3BA31B1-CBC7-4295-BFD6-C8834F114875}.Release|Any CPU.ActiveCfg = Release|Any CPU
		{D3BA31B1-CBC7-4295-BFD6-C8834F114875}.Release|Any CPU.Build.0 = Release|Any CPU
	EndGlobalSection
	GlobalSection(SolutionProperties) = preSolution
		HideSolutionNode = FALSE
	EndGlobalSection
	GlobalSection(ExtensibilityGlobals) = postSolution
		SolutionGuid = {005566D9-CBE1-49A6-A7F5-BAD814E826FC}
	EndGlobalSection
EndGlobal
